
Microsoft Visual Studio Solution File, Format Version 12.00
Project("{FAE04EC0-301F-11D3-BF4B-00C04F79EFBC}") = "Laraue.Linq2Triggers", "Laraue.Linq2Triggers\Laraue.Linq2Triggers.csproj", "{BA372AD5-6036-4F75-A753-C675C6E3668E}"
EndProject
Project("{2150E333-8FDC-42A3-9474-1A3956D46DE8}") = "tests", "tests", "{877393BA-73E8-4473-886D-AA3C9445BE64}"
EndProject
Project("{FAE04EC0-301F-11D3-BF4B-00C04F79EFBC}") = "Laraue.Linq2Triggers.PostgreSql", "Laraue.Linq2Triggers.PostgreSql\Laraue.Linq2Triggers.PostgreSql.csproj", "{21CC59FF-B65A-4204-BE34-E3EBBAA5D2F1}"
EndProject
Project("{FAE04EC0-301F-11D3-BF4B-00C04F79EFBC}") = "Laraue.Linq2Triggers.PostgreSql.Tests", "tests\Laraue.Linq2Triggers.PostgreSql.Tests\Laraue.Linq2Triggers.PostgreSql.Tests.csproj", "{02CF5042-0CB1-4B0D-BF8C-9855BFD7A361}"
EndProject
Project("{FAE04EC0-301F-11D3-BF4B-00C04F79EFBC}") = "Laraue.Linq2Triggers.Tests", "tests\Laraue.Linq2Triggers.Tests\Laraue.Linq2Triggers.Tests.csproj", "{CFE69821-6E31-4DE4-844B-EAED92B949F4}"
EndProject
Project("{FAE04EC0-301F-11D3-BF4B-00C04F79EFBC}") = "Laraue.Linq2Triggers.MySql", "Laraue.Linq2Triggers.MySql\Laraue.Linq2Triggers.MySql.csproj", "{9421B751-BD64-44E0-91BC-AE6759473AF9}"
EndProject
Project("{FAE04EC0-301F-11D3-BF4B-00C04F79EFBC}") = "Laraue.Linq2Triggers.MySql.Tests", "tests\Laraue.Linq2Triggers.MySql.Tests\Laraue.Linq2Triggers.MySql.Tests.csproj", "{7DEB5427-9D48-4E07-88F6-E868CEC150A5}"
EndProject
Project("{FAE04EC0-301F-11D3-BF4B-00C04F79EFBC}") = "Laraue.Linq2Triggers.SqlServer", "Laraue.Linq2Triggers.SqlServer\Laraue.Linq2Triggers.SqlServer.csproj", "{83CAFBE9-A258-4C83-ADC2-544DC28104E1}"
EndProject
Project("{FAE04EC0-301F-11D3-BF4B-00C04F79EFBC}") = "Laraue.Linq2Triggers.SqlServer.Tests", "tests\Laraue.Linq2Triggers.SqlServer.Tests\Laraue.Linq2Triggers.SqlServer.Tests.csproj", "{47699D43-7F9C-4A3C-84E3-17C08037E7FD}"
EndProject
Global
	GlobalSection(SolutionConfigurationPlatforms) = preSolution
		Debug|Any CPU = Debug|Any CPU
		Release|Any CPU = Release|Any CPU
	EndGlobalSection
	GlobalSection(ProjectConfigurationPlatforms) = postSolution
		{BA372AD5-6036-4F75-A753-C675C6E3668E}.Debug|Any CPU.ActiveCfg = Debug|Any CPU
		{BA372AD5-6036-4F75-A753-C675C6E3668E}.Debug|Any CPU.Build.0 = Debug|Any CPU
		{BA372AD5-6036-4F75-A753-C675C6E3668E}.Release|Any CPU.ActiveCfg = Release|Any CPU
		{BA372AD5-6036-4F75-A753-C675C6E3668E}.Release|Any CPU.Build.0 = Release|Any CPU
		{21CC59FF-B65A-4204-BE34-E3EBBAA5D2F1}.Debug|Any CPU.ActiveCfg = Debug|Any CPU
		{21CC59FF-B65A-4204-BE34-E3EBBAA5D2F1}.Debug|Any CPU.Build.0 = Debug|Any CPU
		{21CC59FF-B65A-4204-BE34-E3EBBAA5D2F1}.Release|Any CPU.ActiveCfg = Release|Any CPU
		{21CC59FF-B65A-4204-BE34-E3EBBAA5D2F1}.Release|Any CPU.Build.0 = Release|Any CPU
		{02CF5042-0CB1-4B0D-BF8C-9855BFD7A361}.Debug|Any CPU.ActiveCfg = Debug|Any CPU
		{02CF5042-0CB1-4B0D-BF8C-9855BFD7A361}.Debug|Any CPU.Build.0 = Debug|Any CPU
		{02CF5042-0CB1-4B0D-BF8C-9855BFD7A361}.Release|Any CPU.ActiveCfg = Release|Any CPU
		{02CF5042-0CB1-4B0D-BF8C-9855BFD7A361}.Release|Any CPU.Build.0 = Release|Any CPU
		{CFE69821-6E31-4DE4-844B-EAED92B949F4}.Debug|Any CPU.ActiveCfg = Debug|Any CPU
		{CFE69821-6E31-4DE4-844B-EAED92B949F4}.Debug|Any CPU.Build.0 = Debug|Any CPU
		{CFE69821-6E31-4DE4-844B-EAED92B949F4}.Release|Any CPU.ActiveCfg = Release|Any CPU
		{CFE69821-6E31-4DE4-844B-EAED92B949F4}.Release|Any CPU.Build.0 = Release|Any CPU
		{9421B751-BD64-44E0-91BC-AE6759473AF9}.Debug|Any CPU.ActiveCfg = Debug|Any CPU
		{9421B751-BD64-44E0-91BC-AE6759473AF9}.Debug|Any CPU.Build.0 = Debug|Any CPU
		{9421B751-BD64-44E0-91BC-AE6759473AF9}.Release|Any CPU.ActiveCfg = Release|Any CPU
		{9421B751-BD64-44E0-91BC-AE6759473AF9}.Release|Any CPU.Build.0 = Release|Any CPU
		{7DEB5427-9D48-4E07-88F6-E868CEC150A5}.Debug|Any CPU.ActiveCfg = Debug|Any CPU
		{7DEB5427-9D48-4E07-88F6-E868CEC150A5}.Debug|Any CPU.Build.0 = Debug|Any CPU
		{7DEB5427-9D48-4E07-88F6-E868CEC150A5}.Release|Any CPU.ActiveCfg = Release|Any CPU
		{7DEB5427-9D48-4E07-88F6-E868CEC150A5}.Release|Any CPU.Build.0 = Release|Any CPU
		{83CAFBE9-A258-4C83-ADC2-544DC28104E1}.Debug|Any CPU.ActiveCfg = Debug|Any CPU
		{83CAFBE9-A258-4C83-ADC2-544DC28104E1}.Debug|Any CPU.Build.0 = Debug|Any CPU
		{83CAFBE9-A258-4C83-ADC2-544DC28104E1}.Release|Any CPU.ActiveCfg = Release|Any CPU
		{83CAFBE9-A258-4C83-ADC2-544DC28104E1}.Release|Any CPU.Build.0 = Release|Any CPU
		{47699D43-7F9C-4A3C-84E3-17C08037E7FD}.Debug|Any CPU.ActiveCfg = Debug|Any CPU
		{47699D43-7F9C-4A3C-84E3-17C08037E7FD}.Debug|Any CPU.Build.0 = Debug|Any CPU
		{47699D43-7F9C-4A3C-84E3-17C08037E7FD}.Release|Any CPU.ActiveCfg = Release|Any CPU
		{47699D43-7F9C-4A3C-84E3-17C08037E7FD}.Release|Any CPU.Build.0 = Release|Any CPU
	EndGlobalSection
	GlobalSection(NestedProjects) = preSolution
		{02CF5042-0CB1-4B0D-BF8C-9855BFD7A361} = {877393BA-73E8-4473-886D-AA3C9445BE64}
		{CFE69821-6E31-4DE4-844B-EAED92B949F4} = {877393BA-73E8-4473-886D-AA3C9445BE64}
		{7DEB5427-9D48-4E07-88F6-E868CEC150A5} = {877393BA-73E8-4473-886D-AA3C9445BE64}
		{47699D43-7F9C-4A3C-84E3-17C08037E7FD} = {877393BA-73E8-4473-886D-AA3C9445BE64}
	EndGlobalSection
EndGlobal
